
Microsoft Visual Studio Solution File, Format Version 12.00
# Visual Studio 2013
VisualStudioVersion = 12.0.21005.1
MinimumVisualStudioVersion = 10.0.40219.1
Project("{FAE04EC0-301F-11D3-BF4B-00C04F79EFBC}") = "MvcSeed.Component", "MvcSeed.Component\MvcSeed.Component.csproj", "{53BA6921-EA31-492C-B789-22DEBC722CCC}"
EndProject
Project("{FAE04EC0-301F-11D3-BF4B-00C04F79EFBC}") = "MvcSeed.Business", "MvcSeed.Business\MvcSeed.Business.csproj", "{3D6C6847-7924-478B-97FF-142AA57C53FC}"
EndProject
Project("{FAE04EC0-301F-11D3-BF4B-00C04F79EFBC}") = "MvcSeed.Web", "MvcSeed.Web\MvcSeed.Web.csproj", "{5F5241F0-AF02-4BD9-BE00-4F52883D0F66}"
EndProject
Project("{FAE04EC0-301F-11D3-BF4B-00C04F79EFBC}") = "MvcSeed.Test", "MvcSeed.Test\MvcSeed.Test.csproj", "{BDB43FC1-AA74-4077-B8FB-BD7F9F55A91B}"
EndProject
Project("{FAE04EC0-301F-11D3-BF4B-00C04F79EFBC}") = "MvcSeed.Repository", "MvcSeed.Repository\MvcSeed.Repository.csproj", "{5E13FAE6-9F91-4F00-8AC6-DDEEAB76EC1D}"
EndProject
Project("{2150E333-8FDC-42A3-9474-1A3956D46DE8}") = "Component", "Component", "{2E0C66A0-8FC6-4720-BC88-457FF3D7559F}"
EndProject
Project("{FAE04EC0-301F-11D3-BF4B-00C04F79EFBC}") = "MvcSeed.Component.WeiXin", "MvcSeed.Component.WeiXin\MvcSeed.Component.WeiXin.csproj", "{97EE833D-A609-4D48-8B6E-A0FFC78D2312}"
EndProject
Project("{2150E333-8FDC-42A3-9474-1A3956D46DE8}") = "Application", "Application", "{9D50888B-3ABD-494F-9293-4591798535BB}"
EndProject
Project("{FAE04EC0-301F-11D3-BF4B-00C04F79EFBC}") = "MvcSeed.WindowsServices", "MvcSeed.WindowsServices\MvcSeed.WindowsServices.csproj", "{4C3DACBC-D43D-43EA-8C5C-C37FB071A49E}"
EndProject
Project("{2150E333-8FDC-42A3-9474-1A3956D46DE8}") = "Domain", "Domain", "{A1E40C74-B3D2-451E-9A18-79BFF66DFC85}"
EndProject
Project("{FAE04EC0-301F-11D3-BF4B-00C04F79EFBC}") = "MvcSeed.Component.Github", "MvcSeed.Component.Github\MvcSeed.Component.Github.csproj", "{82A09E58-1734-45F1-B4CB-0C74D66886B7}"
EndProject
Global
	GlobalSection(SolutionConfigurationPlatforms) = preSolution
		Debug|Any CPU = Debug|Any CPU
		Release|Any CPU = Release|Any CPU
	EndGlobalSection
	GlobalSection(ProjectConfigurationPlatforms) = postSolution
		{53BA6921-EA31-492C-B789-22DEBC722CCC}.Debug|Any CPU.ActiveCfg = Debug|Any CPU
		{53BA6921-EA31-492C-B789-22DEBC722CCC}.Debug|Any CPU.Build.0 = Debug|Any CPU
		{53BA6921-EA31-492C-B789-22DEBC722CCC}.Release|Any CPU.ActiveCfg = Release|Any CPU
		{53BA6921-EA31-492C-B789-22DEBC722CCC}.Release|Any CPU.Build.0 = Release|Any CPU
		{3D6C6847-7924-478B-97FF-142AA57C53FC}.Debug|Any CPU.ActiveCfg = Debug|Any CPU
		{3D6C6847-7924-478B-97FF-142AA57C53FC}.Debug|Any CPU.Build.0 = Debug|Any CPU
		{3D6C6847-7924-478B-97FF-142AA57C53FC}.Release|Any CPU.ActiveCfg = Release|Any CPU
		{3D6C6847-7924-478B-97FF-142AA57C53FC}.Release|Any CPU.Build.0 = Release|Any CPU
		{5F5241F0-AF02-4BD9-BE00-4F52883D0F66}.Debug|Any CPU.ActiveCfg = Debug|Any CPU
		{5F5241F0-AF02-4BD9-BE00-4F52883D0F66}.Debug|Any CPU.Build.0 = Debug|Any CPU
		{5F5241F0-AF02-4BD9-BE00-4F52883D0F66}.Release|Any CPU.ActiveCfg = Release|Any CPU
		{5F5241F0-AF02-4BD9-BE00-4F52883D0F66}.Release|Any CPU.Build.0 = Release|Any CPU
		{BDB43FC1-AA74-4077-B8FB-BD7F9F55A91B}.Debug|Any CPU.ActiveCfg = Debug|Any CPU
		{BDB43FC1-AA74-4077-B8FB-BD7F9F55A91B}.Debug|Any CPU.Build.0 = Debug|Any CPU
		{BDB43FC1-AA74-4077-B8FB-BD7F9F55A91B}.Release|Any CPU.ActiveCfg = Release|Any CPU
		{BDB43FC1-AA74-4077-B8FB-BD7F9F55A91B}.Release|Any CPU.Build.0 = Release|Any CPU
		{5E13FAE6-9F91-4F00-8AC6-DDEEAB76EC1D}.Debug|Any CPU.ActiveCfg = Debug|Any CPU
		{5E13FAE6-9F91-4F00-8AC6-DDEEAB76EC1D}.Debug|Any CPU.Build.0 = Debug|Any CPU
		{5E13FAE6-9F91-4F00-8AC6-DDEEAB76EC1D}.Release|Any CPU.ActiveCfg = Release|Any CPU
		{5E13FAE6-9F91-4F00-8AC6-DDEEAB76EC1D}.Release|Any CPU.Build.0 = Release|Any CPU
		{97EE833D-A609-4D48-8B6E-A0FFC78D2312}.Debug|Any CPU.ActiveCfg = Debug|Any CPU
		{97EE833D-A609-4D48-8B6E-A0FFC78D2312}.Debug|Any CPU.Build.0 = Debug|Any CPU
		{97EE833D-A609-4D48-8B6E-A0FFC78D2312}.Release|Any CPU.ActiveCfg = Release|Any CPU
		{97EE833D-A609-4D48-8B6E-A0FFC78D2312}.Release|Any CPU.Build.0 = Release|Any CPU
		{4C3DACBC-D43D-43EA-8C5C-C37FB071A49E}.Debug|Any CPU.ActiveCfg = Debug|Any CPU
		{4C3DACBC-D43D-43EA-8C5C-C37FB071A49E}.Debug|Any CPU.Build.0 = Debug|Any CPU
		{4C3DACBC-D43D-43EA-8C5C-C37FB071A49E}.Release|Any CPU.ActiveCfg = Release|Any CPU
		{4C3DACBC-D43D-43EA-8C5C-C37FB071A49E}.Release|Any CPU.Build.0 = Release|Any CPU
		{82A09E58-1734-45F1-B4CB-0C74D66886B7}.Debug|Any CPU.ActiveCfg = Debug|Any CPU
		{82A09E58-1734-45F1-B4CB-0C74D66886B7}.Debug|Any CPU.Build.0 = Debug|Any CPU
		{82A09E58-1734-45F1-B4CB-0C74D66886B7}.Release|Any CPU.ActiveCfg = Release|Any CPU
		{82A09E58-1734-45F1-B4CB-0C74D66886B7}.Release|Any CPU.Build.0 = Release|Any CPU
	EndGlobalSection
	GlobalSection(SolutionProperties) = preSolution
		HideSolutionNode = FALSE
	EndGlobalSection
	GlobalSection(NestedProjects) = preSolution
		{53BA6921-EA31-492C-B789-22DEBC722CCC} = {2E0C66A0-8FC6-4720-BC88-457FF3D7559F}
		{97EE833D-A609-4D48-8B6E-A0FFC78D2312} = {2E0C66A0-8FC6-4720-BC88-457FF3D7559F}
		{82A09E58-1734-45F1-B4CB-0C74D66886B7} = {2E0C66A0-8FC6-4720-BC88-457FF3D7559F}
		{5E13FAE6-9F91-4F00-8AC6-DDEEAB76EC1D} = {A1E40C74-B3D2-451E-9A18-79BFF66DFC85}
		{3D6C6847-7924-478B-97FF-142AA57C53FC} = {A1E40C74-B3D2-451E-9A18-79BFF66DFC85}
		{BDB43FC1-AA74-4077-B8FB-BD7F9F55A91B} = {9D50888B-3ABD-494F-9293-4591798535BB}
		{5F5241F0-AF02-4BD9-BE00-4F52883D0F66} = {9D50888B-3ABD-494F-9293-4591798535BB}
		{4C3DACBC-D43D-43EA-8C5C-C37FB071A49E} = {9D50888B-3ABD-494F-9293-4591798535BB}
	EndGlobalSection
EndGlobal
